// !$*UTF8*$!
{
	archiveVersion = 1;
	classes = {
	};
	objectVersion = 77;
	objects = {

/* Begin PBXBuildFile section */
		985792BB2E785C9200A896A9 /* WeightTrackingViewModel.swift in Sources */ = {isa = PBXBuildFile; fileRef = 985792BA2E785C9200A896A9 /* WeightTrackingViewModel.swift */; };
		985792BD2E785CA800A896A9 /* WeightTrackingView.swift in Sources */ = {isa = PBXBuildFile; fileRef = 985792BC2E785CA800A896A9 /* WeightTrackingView.swift */; };
		985792C22E78931800A896A9 /* LiveActivityView.swift in Sources */ = {isa = PBXBuildFile; fileRef = 985792C12E78931800A896A9 /* LiveActivityView.swift */; };
		985792C42E78932D00A896A9 /* ActivityTypeSelectionView.swift in Sources */ = {isa = PBXBuildFile; fileRef = 985792C32E78932D00A896A9 /* ActivityTypeSelectionView.swift */; };
		985792C62E78934200A896A9 /* ManualEntryView.swift in Sources */ = {isa = PBXBuildFile; fileRef = 985792C52E78934200A896A9 /* ManualEntryView.swift */; };
		985792CA2E78E0DA00A896A9 /* MetricCardView.swift in Sources */ = {isa = PBXBuildFile; fileRef = 985792C92E78E0DA00A896A9 /* MetricCardView.swift */; };
		98755C6F2E659C2B00AD8CA4 /* ProfileView.swift in Sources */ = {isa = PBXBuildFile; fileRef = 98755C6E2E659C2B00AD8CA4 /* ProfileView.swift */; };
		98755C712E659C4C00AD8CA4 /* ProfileViewModel.swift in Sources */ = {isa = PBXBuildFile; fileRef = 98755C702E659C4C00AD8CA4 /* ProfileViewModel.swift */; };
		98755C732E65A53800AD8CA4 /* CoachViewModel.swift in Sources */ = {isa = PBXBuildFile; fileRef = 98755C722E65A53800AD8CA4 /* CoachViewModel.swift */; };
		98755C752E65BBC900AD8CA4 /* AddHabitView.swift in Sources */ = {isa = PBXBuildFile; fileRef = 98755C742E65BBC900AD8CA4 /* AddHabitView.swift */; };
		9876B0DB2E63B86000DA9703 /* HarmoniaApp.swift in Sources */ = {isa = PBXBuildFile; fileRef = 9876B0DA2E63B86000DA9703 /* HarmoniaApp.swift */; };
		9876B0DD2E63B86000DA9703 /* ContentView.swift in Sources */ = {isa = PBXBuildFile; fileRef = 9876B0DC2E63B86000DA9703 /* ContentView.swift */; };
		9876B0DF2E63B86100DA9703 /* Assets.xcassets in Resources */ = {isa = PBXBuildFile; fileRef = 9876B0DE2E63B86100DA9703 /* Assets.xcassets */; };
		9876B0E62E63B86F00DA9703 /* .gitignore in Resources */ = {isa = PBXBuildFile; fileRef = 9876B0E52E63B86A00DA9703 /* .gitignore */; };
		9876B0ED2E63BA7B00DA9703 /* AppTabView.swift in Sources */ = {isa = PBXBuildFile; fileRef = 9876B0EC2E63BA7B00DA9703 /* AppTabView.swift */; };
		9876B0EF2E63BAA200DA9703 /* LoginView.swift in Sources */ = {isa = PBXBuildFile; fileRef = 9876B0EE2E63BAA200DA9703 /* LoginView.swift */; };
		9876B0F12E63BABD00DA9703 /* DashboardView.swift in Sources */ = {isa = PBXBuildFile; fileRef = 9876B0F02E63BABD00DA9703 /* DashboardView.swift */; };
		9876B0F32E63BACB00DA9703 /* CoachView.swift in Sources */ = {isa = PBXBuildFile; fileRef = 9876B0F22E63BACB00DA9703 /* CoachView.swift */; };
		9876B0F42E63BC5C00DA9703 /* NetworkService.swift in Sources */ = {isa = PBXBuildFile; fileRef = 9876B0EA2E63BA2A00DA9703 /* NetworkService.swift */; };
		9876B0F62E64FA2000DA9703 /* SplashScreenView.swift in Sources */ = {isa = PBXBuildFile; fileRef = 9876B0F52E64FA2000DA9703 /* SplashScreenView.swift */; };
		9876B0F82E65012F00DA9703 /* DashboardViewModel.swift in Sources */ = {isa = PBXBuildFile; fileRef = 9876B0F72E65012F00DA9703 /* DashboardViewModel.swift */; };
		9878E4CE2E6CE8EF00BD10C6 /* OnboardingView.swift in Sources */ = {isa = PBXBuildFile; fileRef = 9878E4CD2E6CE8EF00BD10C6 /* OnboardingView.swift */; };
		9878E4D12E6CE96D00BD10C6 /* OnboardingViewModel.swift in Sources */ = {isa = PBXBuildFile; fileRef = 9878E4D02E6CE96D00BD10C6 /* OnboardingViewModel.swift */; };
		9878E4D42E6D030000BD10C6 /* HabitDetailViewModel.swift in Sources */ = {isa = PBXBuildFile; fileRef = 9878E4D32E6D030000BD10C6 /* HabitDetailViewModel.swift */; };
		9878E4D62E6D035900BD10C6 /* HabitDetailView.swift in Sources */ = {isa = PBXBuildFile; fileRef = 9878E4D52E6D035900BD10C6 /* HabitDetailView.swift */; };
		9878E4D82E725A7B00BD10C6 /* MentalWellnessViewModel.swift in Sources */ = {isa = PBXBuildFile; fileRef = 9878E4D72E725A7B00BD10C6 /* MentalWellnessViewModel.swift */; };
		9878E4DA2E725D5400BD10C6 /* MentalWellnessView.swift in Sources */ = {isa = PBXBuildFile; fileRef = 9878E4D92E725D5400BD10C6 /* MentalWellnessView.swift */; };
		9878E4DC2E73252500BD10C6 /* JournalHistoryView.swift in Sources */ = {isa = PBXBuildFile; fileRef = 9878E4DB2E73252500BD10C6 /* JournalHistoryView.swift */; };
		9878E4DE2E77A29600BD10C6 /* BodyDashboardViewModel.swift in Sources */ = {isa = PBXBuildFile; fileRef = 9878E4DD2E77A29600BD10C6 /* BodyDashboardViewModel.swift */; };
		9878E4E02E77A2B100BD10C6 /* PhysicalActivityViewModel.swift in Sources */ = {isa = PBXBuildFile; fileRef = 9878E4DF2E77A2B100BD10C6 /* PhysicalActivityViewModel.swift */; };
		9878E4E22E77A2CB00BD10C6 /* BodyDashboardView.swift in Sources */ = {isa = PBXBuildFile; fileRef = 9878E4E12E77A2CB00BD10C6 /* BodyDashboardView.swift */; };
		9878E4E42E77A2E100BD10C6 /* PhysicalActivityView.swift in Sources */ = {isa = PBXBuildFile; fileRef = 9878E4E32E77A2E100BD10C6 /* PhysicalActivityView.swift */; };
		9878E4E62E77A37C00BD10C6 /* NutritionViewModel.swift in Sources */ = {isa = PBXBuildFile; fileRef = 9878E4E52E77A37C00BD10C6 /* NutritionViewModel.swift */; };
		9878E4E82E77A39800BD10C6 /* NutritionView.swift in Sources */ = {isa = PBXBuildFile; fileRef = 9878E4E72E77A39800BD10C6 /* NutritionView.swift */; };
		9878E4EA2E77A3AF00BD10C6 /* WaterIntakeViewModel.swift in Sources */ = {isa = PBXBuildFile; fileRef = 9878E4E92E77A3AF00BD10C6 /* WaterIntakeViewModel.swift */; };
		9878E4EC2E77A3C100BD10C6 /* WaterIntakeView.swift in Sources */ = {isa = PBXBuildFile; fileRef = 9878E4EB2E77A3C100BD10C6 /* WaterIntakeView.swift */; };
		9878E4EE2E77A3D100BD10C6 /* SleepTrackingViewModel.swift in Sources */ = {isa = PBXBuildFile; fileRef = 9878E4ED2E77A3D100BD10C6 /* SleepTrackingViewModel.swift */; };
		9878E4F02E77A40100BD10C6 /* SleepTrackingView.swift in Sources */ = {isa = PBXBuildFile; fileRef = 9878E4EF2E77A40100BD10C6 /* SleepTrackingView.swift */; };
/* End PBXBuildFile section */

/* Begin PBXFileReference section */
		985792BA2E785C9200A896A9 /* WeightTrackingViewModel.swift */ = {isa = PBXFileReference; lastKnownFileType = sourcecode.swift; path = WeightTrackingViewModel.swift; sourceTree = "<group>"; };
		985792BC2E785CA800A896A9 /* WeightTrackingView.swift */ = {isa = PBXFileReference; lastKnownFileType = sourcecode.swift; path = WeightTrackingView.swift; sourceTree = "<group>"; };
		985792C12E78931800A896A9 /* LiveActivityView.swift */ = {isa = PBXFileReference; lastKnownFileType = sourcecode.swift; path = LiveActivityView.swift; sourceTree = "<group>"; };
		985792C32E78932D00A896A9 /* ActivityTypeSelectionView.swift */ = {isa = PBXFileReference; lastKnownFileType = sourcecode.swift; path = ActivityTypeSelectionView.swift; sourceTree = "<group>"; };
		985792C52E78934200A896A9 /* ManualEntryView.swift */ = {isa = PBXFileReference; lastKnownFileType = sourcecode.swift; path = ManualEntryView.swift; sourceTree = "<group>"; };
		985792C92E78E0DA00A896A9 /* MetricCardView.swift */ = {isa = PBXFileReference; lastKnownFileType = sourcecode.swift; path = MetricCardView.swift; sourceTree = "<group>"; };
		98755C6E2E659C2B00AD8CA4 /* ProfileView.swift */ = {isa = PBXFileReference; lastKnownFileType = sourcecode.swift; path = ProfileView.swift; sourceTree = "<group>"; };
		98755C702E659C4C00AD8CA4 /* ProfileViewModel.swift */ = {isa = PBXFileReference; lastKnownFileType = sourcecode.swift; path = ProfileViewModel.swift; sourceTree = "<group>"; };
		98755C722E65A53800AD8CA4 /* CoachViewModel.swift */ = {isa = PBXFileReference; lastKnownFileType = sourcecode.swift; path = CoachViewModel.swift; sourceTree = "<group>"; };
		98755C742E65BBC900AD8CA4 /* AddHabitView.swift */ = {isa = PBXFileReference; lastKnownFileType = sourcecode.swift; path = AddHabitView.swift; sourceTree = "<group>"; };
		9876B0D72E63B86000DA9703 /* Harmonia.app */ = {isa = PBXFileReference; explicitFileType = wrapper.application; includeInIndex = 0; path = Harmonia.app; sourceTree = BUILT_PRODUCTS_DIR; };
		9876B0DA2E63B86000DA9703 /* HarmoniaApp.swift */ = {isa = PBXFileReference; lastKnownFileType = sourcecode.swift; path = HarmoniaApp.swift; sourceTree = "<group>"; };
		9876B0DC2E63B86000DA9703 /* ContentView.swift */ = {isa = PBXFileReference; lastKnownFileType = sourcecode.swift; path = ContentView.swift; sourceTree = "<group>"; };
		9876B0DE2E63B86100DA9703 /* Assets.xcassets */ = {isa = PBXFileReference; lastKnownFileType = folder.assetcatalog; path = Assets.xcassets; sourceTree = "<group>"; };
		9876B0E52E63B86A00DA9703 /* .gitignore */ = {isa = PBXFileReference; lastKnownFileType = text; path = .gitignore; sourceTree = "<group>"; };
		9876B0EA2E63BA2A00DA9703 /* NetworkService.swift */ = {isa = PBXFileReference; lastKnownFileType = sourcecode.swift; path = NetworkService.swift; sourceTree = "<group>"; };
		9876B0EC2E63BA7B00DA9703 /* AppTabView.swift */ = {isa = PBXFileReference; lastKnownFileType = sourcecode.swift; path = AppTabView.swift; sourceTree = "<group>"; };
		9876B0EE2E63BAA200DA9703 /* LoginView.swift */ = {isa = PBXFileReference; lastKnownFileType = sourcecode.swift; path = LoginView.swift; sourceTree = "<group>"; };
		9876B0F02E63BABD00DA9703 /* DashboardView.swift */ = {isa = PBXFileReference; lastKnownFileType = sourcecode.swift; path = DashboardView.swift; sourceTree = "<group>"; };
		9876B0F22E63BACB00DA9703 /* CoachView.swift */ = {isa = PBXFileReference; lastKnownFileType = sourcecode.swift; path = CoachView.swift; sourceTree = "<group>"; };
		9876B0F52E64FA2000DA9703 /* SplashScreenView.swift */ = {isa = PBXFileReference; lastKnownFileType = sourcecode.swift; path = SplashScreenView.swift; sourceTree = "<group>"; };
		9876B0F72E65012F00DA9703 /* DashboardViewModel.swift */ = {isa = PBXFileReference; lastKnownFileType = sourcecode.swift; path = DashboardViewModel.swift; sourceTree = "<group>"; };
		9876B0F92E650F6E00DA9703 /* Harmonia.entitlements */ = {isa = PBXFileReference; lastKnownFileType = text.plist.entitlements; path = Harmonia.entitlements; sourceTree = "<group>"; };
		9878E4CD2E6CE8EF00BD10C6 /* OnboardingView.swift */ = {isa = PBXFileReference; lastKnownFileType = sourcecode.swift; path = OnboardingView.swift; sourceTree = "<group>"; };
		9878E4D02E6CE96D00BD10C6 /* OnboardingViewModel.swift */ = {isa = PBXFileReference; lastKnownFileType = sourcecode.swift; path = OnboardingViewModel.swift; sourceTree = "<group>"; };
		9878E4D32E6D030000BD10C6 /* HabitDetailViewModel.swift */ = {isa = PBXFileReference; lastKnownFileType = sourcecode.swift; path = HabitDetailViewModel.swift; sourceTree = "<group>"; };
		9878E4D52E6D035900BD10C6 /* HabitDetailView.swift */ = {isa = PBXFileReference; lastKnownFileType = sourcecode.swift; path = HabitDetailView.swift; sourceTree = "<group>"; };
		9878E4D72E725A7B00BD10C6 /* MentalWellnessViewModel.swift */ = {isa = PBXFileReference; lastKnownFileType = sourcecode.swift; path = MentalWellnessViewModel.swift; sourceTree = "<group>"; };
		9878E4D92E725D5400BD10C6 /* MentalWellnessView.swift */ = {isa = PBXFileReference; lastKnownFileType = sourcecode.swift; path = MentalWellnessView.swift; sourceTree = "<group>"; };
		9878E4DB2E73252500BD10C6 /* JournalHistoryView.swift */ = {isa = PBXFileReference; lastKnownFileType = sourcecode.swift; path = JournalHistoryView.swift; sourceTree = "<group>"; };
		9878E4DD2E77A29600BD10C6 /* BodyDashboardViewModel.swift */ = {isa = PBXFileReference; lastKnownFileType = sourcecode.swift; path = BodyDashboardViewModel.swift; sourceTree = "<group>"; };
		9878E4DF2E77A2B100BD10C6 /* PhysicalActivityViewModel.swift */ = {isa = PBXFileReference; lastKnownFileType = sourcecode.swift; path = PhysicalActivityViewModel.swift; sourceTree = "<group>"; };
		9878E4E12E77A2CB00BD10C6 /* BodyDashboardView.swift */ = {isa = PBXFileReference; lastKnownFileType = sourcecode.swift; path = BodyDashboardView.swift; sourceTree = "<group>"; };
		9878E4E32E77A2E100BD10C6 /* PhysicalActivityView.swift */ = {isa = PBXFileReference; lastKnownFileType = sourcecode.swift; path = PhysicalActivityView.swift; sourceTree = "<group>"; };
		9878E4E52E77A37C00BD10C6 /* NutritionViewModel.swift */ = {isa = PBXFileReference; lastKnownFileType = sourcecode.swift; path = NutritionViewModel.swift; sourceTree = "<group>"; };
		9878E4E72E77A39800BD10C6 /* NutritionView.swift */ = {isa = PBXFileReference; lastKnownFileType = sourcecode.swift; path = NutritionView.swift; sourceTree = "<group>"; };
		9878E4E92E77A3AF00BD10C6 /* WaterIntakeViewModel.swift */ = {isa = PBXFileReference; lastKnownFileType = sourcecode.swift; path = WaterIntakeViewModel.swift; sourceTree = "<group>"; };
		9878E4EB2E77A3C100BD10C6 /* WaterIntakeView.swift */ = {isa = PBXFileReference; lastKnownFileType = sourcecode.swift; path = WaterIntakeView.swift; sourceTree = "<group>"; };
		9878E4ED2E77A3D100BD10C6 /* SleepTrackingViewModel.swift */ = {isa = PBXFileReference; lastKnownFileType = sourcecode.swift; path = SleepTrackingViewModel.swift; sourceTree = "<group>"; };
		9878E4EF2E77A40100BD10C6 /* SleepTrackingView.swift */ = {isa = PBXFileReference; lastKnownFileType = sourcecode.swift; path = SleepTrackingView.swift; sourceTree = "<group>"; };
/* End PBXFileReference section */

/* Begin PBXFileSystemSynchronizedRootGroup section */
		985792C02E7892B100A896A9 /* Models */ = {
			isa = PBXFileSystemSynchronizedRootGroup;
			path = Models;
			sourceTree = "<group>";
		};
/* End PBXFileSystemSynchronizedRootGroup section */

/* Begin PBXFrameworksBuildPhase section */
		9876B0D42E63B86000DA9703 /* Frameworks */ = {
			isa = PBXFrameworksBuildPhase;
			buildActionMask = 2147483647;
			files = (
			);
			runOnlyForDeploymentPostprocessing = 0;
		};
/* End PBXFrameworksBuildPhase section */

/* Begin PBXGroup section */
		9876B0CE2E63B86000DA9703 = {
			isa = PBXGroup;
			children = (
				985792C02E7892B100A896A9 /* Models */,
				9876B0F92E650F6E00DA9703 /* Harmonia.entitlements */,
				9876B0E92E63B8C700DA9703 /* Services */,
				9876B0E82E63B8BB00DA9703 /* ViewModels */,
				9876B0E72E63B8AF00DA9703 /* Views */,
				9876B0E52E63B86A00DA9703 /* .gitignore */,
				9876B0D82E63B86000DA9703 /* Products */,
				9876B0DE2E63B86100DA9703 /* Assets.xcassets */,
				9876B0DA2E63B86000DA9703 /* HarmoniaApp.swift */,
			);
			sourceTree = "<group>";
		};
		9876B0D82E63B86000DA9703 /* Products */ = {
			isa = PBXGroup;
			children = (
				9876B0D72E63B86000DA9703 /* Harmonia.app */,
			);
			name = Products;
			sourceTree = "<group>";
		};
		9876B0E72E63B8AF00DA9703 /* Views */ = {
			isa = PBXGroup;
			children = (
				9876B0DC2E63B86000DA9703 /* ContentView.swift */,
				9876B0EC2E63BA7B00DA9703 /* AppTabView.swift */,
				9876B0EE2E63BAA200DA9703 /* LoginView.swift */,
				9876B0F02E63BABD00DA9703 /* DashboardView.swift */,
				9876B0F22E63BACB00DA9703 /* CoachView.swift */,
				9876B0F52E64FA2000DA9703 /* SplashScreenView.swift */,
				98755C6E2E659C2B00AD8CA4 /* ProfileView.swift */,
				98755C742E65BBC900AD8CA4 /* AddHabitView.swift */,
				9878E4CD2E6CE8EF00BD10C6 /* OnboardingView.swift */,
				9878E4D52E6D035900BD10C6 /* HabitDetailView.swift */,
				9878E4D92E725D5400BD10C6 /* MentalWellnessView.swift */,
				9878E4DB2E73252500BD10C6 /* JournalHistoryView.swift */,
				9878E4E12E77A2CB00BD10C6 /* BodyDashboardView.swift */,
				9878E4E32E77A2E100BD10C6 /* PhysicalActivityView.swift */,
				9878E4E72E77A39800BD10C6 /* NutritionView.swift */,
				9878E4EB2E77A3C100BD10C6 /* WaterIntakeView.swift */,
				9878E4EF2E77A40100BD10C6 /* SleepTrackingView.swift */,
				985792BC2E785CA800A896A9 /* WeightTrackingView.swift */,
				985792C12E78931800A896A9 /* LiveActivityView.swift */,
				985792C32E78932D00A896A9 /* ActivityTypeSelectionView.swift */,
				985792C52E78934200A896A9 /* ManualEntryView.swift */,
				985792C92E78E0DA00A896A9 /* MetricCardView.swift */,
			);
			path = Views;
			sourceTree = "<group>";
		};
		9876B0E82E63B8BB00DA9703 /* ViewModels */ = {
			isa = PBXGroup;
			children = (
				9876B0F72E65012F00DA9703 /* DashboardViewModel.swift */,
				98755C702E659C4C00AD8CA4 /* ProfileViewModel.swift */,
				98755C722E65A53800AD8CA4 /* CoachViewModel.swift */,
				9878E4D02E6CE96D00BD10C6 /* OnboardingViewModel.swift */,
				9878E4D32E6D030000BD10C6 /* HabitDetailViewModel.swift */,
				9878E4D72E725A7B00BD10C6 /* MentalWellnessViewModel.swift */,
				9878E4DD2E77A29600BD10C6 /* BodyDashboardViewModel.swift */,
				9878E4DF2E77A2B100BD10C6 /* PhysicalActivityViewModel.swift */,
				9878E4E52E77A37C00BD10C6 /* NutritionViewModel.swift */,
				9878E4E92E77A3AF00BD10C6 /* WaterIntakeViewModel.swift */,
				9878E4ED2E77A3D100BD10C6 /* SleepTrackingViewModel.swift */,
				985792BA2E785C9200A896A9 /* WeightTrackingViewModel.swift */,
			);
			path = ViewModels;
			sourceTree = "<group>";
		};
		9876B0E92E63B8C700DA9703 /* Services */ = {
			isa = PBXGroup;
			children = (
				9876B0EA2E63BA2A00DA9703 /* NetworkService.swift */,
			);
			path = Services;
			sourceTree = "<group>";
		};
/* End PBXGroup section */

/* Begin PBXNativeTarget section */
		9876B0D62E63B86000DA9703 /* Harmonia */ = {
			isa = PBXNativeTarget;
			buildConfigurationList = 9876B0E22E63B86100DA9703 /* Build configuration list for PBXNativeTarget "Harmonia" */;
			buildPhases = (
				9876B0D32E63B86000DA9703 /* Sources */,
				9876B0D42E63B86000DA9703 /* Frameworks */,
				9876B0D52E63B86000DA9703 /* Resources */,
			);
			buildRules = (
			);
			dependencies = (
			);
			fileSystemSynchronizedGroups = (
				985792C02E7892B100A896A9 /* Models */,
			);
			name = Harmonia;
			packageProductDependencies = (
			);
			productName = Harmonia;
			productReference = 9876B0D72E63B86000DA9703 /* Harmonia.app */;
			productType = "com.apple.product-type.application";
		};
/* End PBXNativeTarget section */

/* Begin PBXProject section */
		9876B0CF2E63B86000DA9703 /* Project object */ = {
			isa = PBXProject;
			attributes = {
				BuildIndependentTargetsInParallel = 1;
				LastSwiftUpdateCheck = 1640;
				LastUpgradeCheck = 1640;
				TargetAttributes = {
					9876B0D62E63B86000DA9703 = {
						CreatedOnToolsVersion = 16.4;
					};
				};
			};
			buildConfigurationList = 9876B0D22E63B86000DA9703 /* Build configuration list for PBXProject "Harmonia" */;
			developmentRegion = en;
			hasScannedForEncodings = 0;
			knownRegions = (
				en,
				Base,
			);
			mainGroup = 9876B0CE2E63B86000DA9703;
			minimizedProjectReferenceProxies = 1;
			preferredProjectObjectVersion = 77;
			productRefGroup = 9876B0D82E63B86000DA9703 /* Products */;
			projectDirPath = "";
			projectRoot = "";
			targets = (
				9876B0D62E63B86000DA9703 /* Harmonia */,
			);
		};
/* End PBXProject section */

/* Begin PBXResourcesBuildPhase section */
		9876B0D52E63B86000DA9703 /* Resources */ = {
			isa = PBXResourcesBuildPhase;
			buildActionMask = 2147483647;
			files = (
				9876B0E62E63B86F00DA9703 /* .gitignore in Resources */,
				9876B0DF2E63B86100DA9703 /* Assets.xcassets in Resources */,
			);
			runOnlyForDeploymentPostprocessing = 0;
		};
/* End PBXResourcesBuildPhase section */

/* Begin PBXSourcesBuildPhase section */
		9876B0D32E63B86000DA9703 /* Sources */ = {
			isa = PBXSourcesBuildPhase;
			buildActionMask = 2147483647;
			files = (
				9878E4D82E725A7B00BD10C6 /* MentalWellnessViewModel.swift in Sources */,
				9876B0ED2E63BA7B00DA9703 /* AppTabView.swift in Sources */,
				9878E4EA2E77A3AF00BD10C6 /* WaterIntakeViewModel.swift in Sources */,
				9878E4E02E77A2B100BD10C6 /* PhysicalActivityViewModel.swift in Sources */,
				985792BB2E785C9200A896A9 /* WeightTrackingViewModel.swift in Sources */,
				9878E4E22E77A2CB00BD10C6 /* BodyDashboardView.swift in Sources */,
				9878E4DA2E725D5400BD10C6 /* MentalWellnessView.swift in Sources */,
				985792C62E78934200A896A9 /* ManualEntryView.swift in Sources */,
				98755C732E65A53800AD8CA4 /* CoachViewModel.swift in Sources */,
				9876B0DD2E63B86000DA9703 /* ContentView.swift in Sources */,
				985792BD2E785CA800A896A9 /* WeightTrackingView.swift in Sources */,
				985792CA2E78E0DA00A896A9 /* MetricCardView.swift in Sources */,
				98755C6F2E659C2B00AD8CA4 /* ProfileView.swift in Sources */,
				9876B0F12E63BABD00DA9703 /* DashboardView.swift in Sources */,
				9878E4D62E6D035900BD10C6 /* HabitDetailView.swift in Sources */,
				9876B0F82E65012F00DA9703 /* DashboardViewModel.swift in Sources */,
				9878E4EE2E77A3D100BD10C6 /* SleepTrackingViewModel.swift in Sources */,
				9876B0EF2E63BAA200DA9703 /* LoginView.swift in Sources */,
				98755C752E65BBC900AD8CA4 /* AddHabitView.swift in Sources */,
				9876B0DB2E63B86000DA9703 /* HarmoniaApp.swift in Sources */,
				98755C712E659C4C00AD8CA4 /* ProfileViewModel.swift in Sources */,
				9878E4D12E6CE96D00BD10C6 /* OnboardingViewModel.swift in Sources */,
				9876B0F32E63BACB00DA9703 /* CoachView.swift in Sources */,
				9878E4F02E77A40100BD10C6 /* SleepTrackingView.swift in Sources */,
				9878E4DE2E77A29600BD10C6 /* BodyDashboardViewModel.swift in Sources */,
				9878E4E62E77A37C00BD10C6 /* NutritionViewModel.swift in Sources */,
				985792C42E78932D00A896A9 /* ActivityTypeSelectionView.swift in Sources */,
				985792C22E78931800A896A9 /* LiveActivityView.swift in Sources */,
				9878E4E42E77A2E100BD10C6 /* PhysicalActivityView.swift in Sources */,
				9878E4DC2E73252500BD10C6 /* JournalHistoryView.swift in Sources */,
				9878E4D42E6D030000BD10C6 /* HabitDetailViewModel.swift in Sources */,
				9876B0F42E63BC5C00DA9703 /* NetworkService.swift in Sources */,
				9876B0F62E64FA2000DA9703 /* SplashScreenView.swift in Sources */,
				9878E4CE2E6CE8EF00BD10C6 /* OnboardingView.swift in Sources */,
				9878E4EC2E77A3C100BD10C6 /* WaterIntakeView.swift in Sources */,
				9878E4E82E77A39800BD10C6 /* NutritionView.swift in Sources */,
			);
			runOnlyForDeploymentPostprocessing = 0;
		};
/* End PBXSourcesBuildPhase section */

/* Begin XCBuildConfiguration section */
		9876B0E02E63B86100DA9703 /* Debug */ = {
			isa = XCBuildConfiguration;
			buildSettings = {
				ALWAYS_SEARCH_USER_PATHS = NO;
				ASSETCATALOG_COMPILER_GENERATE_SWIFT_ASSET_SYMBOL_EXTENSIONS = YES;
				CLANG_ANALYZER_NONNULL = YES;
				CLANG_ANALYZER_NUMBER_OBJECT_CONVERSION = YES_AGGRESSIVE;
				CLANG_CXX_LANGUAGE_STANDARD = "gnu++20";
				CLANG_ENABLE_MODULES = YES;
				CLANG_ENABLE_OBJC_ARC = YES;
				CLANG_ENABLE_OBJC_WEAK = YES;
				CLANG_WARN_BLOCK_CAPTURE_AUTORELEASING = YES;
				CLANG_WARN_BOOL_CONVERSION = YES;
				CLANG_WARN_COMMA = YES;
				CLANG_WARN_CONSTANT_CONVERSION = YES;
				CLANG_WARN_DEPRECATED_OBJC_IMPLEMENTATIONS = YES;
				CLANG_WARN_DIRECT_OBJC_ISA_USAGE = YES_ERROR;
				CLANG_WARN_DOCUMENTATION_COMMENTS = YES;
				CLANG_WARN_EMPTY_BODY = YES;
				CLANG_WARN_ENUM_CONVERSION = YES;
				CLANG_WARN_INFINITE_RECURSION = YES;
				CLANG_WARN_INT_CONVERSION = YES;
				CLANG_WARN_NON_LITERAL_NULL_CONVERSION = YES;
				CLANG_WARN_OBJC_IMPLICIT_RETAIN_SELF = YES;
				CLANG_WARN_OBJC_LITERAL_CONVERSION = YES;
				CLANG_WARN_OBJC_ROOT_CLASS = YES_ERROR;
				CLANG_WARN_QUOTED_INCLUDE_IN_FRAMEWORK_HEADER = YES;
				CLANG_WARN_RANGE_LOOP_ANALYSIS = YES;
				CLANG_WARN_STRICT_PROTOTYPES = YES;
				CLANG_WARN_SUSPICIOUS_MOVE = YES;
				CLANG_WARN_UNGUARDED_AVAILABILITY = YES_AGGRESSIVE;
				CLANG_WARN_UNREACHABLE_CODE = YES;
				CLANG_WARN__DUPLICATE_METHOD_MATCH = YES;
				COPY_PHASE_STRIP = NO;
				DEBUG_INFORMATION_FORMAT = dwarf;
				ENABLE_STRICT_OBJC_MSGSEND = YES;
				ENABLE_TESTABILITY = YES;
				ENABLE_USER_SCRIPT_SANDBOXING = YES;
				GCC_C_LANGUAGE_STANDARD = gnu17;
				GCC_DYNAMIC_NO_PIC = NO;
				GCC_NO_COMMON_BLOCKS = YES;
				GCC_OPTIMIZATION_LEVEL = 0;
				GCC_PREPROCESSOR_DEFINITIONS = (
					"DEBUG=1",
					"$(inherited)",
				);
				GCC_WARN_64_TO_32_BIT_CONVERSION = YES;
				GCC_WARN_ABOUT_RETURN_TYPE = YES_ERROR;
				GCC_WARN_UNDECLARED_SELECTOR = YES;
				GCC_WARN_UNINITIALIZED_AUTOS = YES_AGGRESSIVE;
				GCC_WARN_UNUSED_FUNCTION = YES;
				GCC_WARN_UNUSED_VARIABLE = YES;
				IPHONEOS_DEPLOYMENT_TARGET = 18.5;
				LOCALIZATION_PREFERS_STRING_CATALOGS = YES;
				MTL_ENABLE_DEBUG_INFO = INCLUDE_SOURCE;
				MTL_FAST_MATH = YES;
				ONLY_ACTIVE_ARCH = YES;
				SDKROOT = iphoneos;
				SWIFT_ACTIVE_COMPILATION_CONDITIONS = "DEBUG $(inherited)";
				SWIFT_OPTIMIZATION_LEVEL = "-Onone";
			};
			name = Debug;
		};
		9876B0E12E63B86100DA9703 /* Release */ = {
			isa = XCBuildConfiguration;
			buildSettings = {
				ALWAYS_SEARCH_USER_PATHS = NO;
				ASSETCATALOG_COMPILER_GENERATE_SWIFT_ASSET_SYMBOL_EXTENSIONS = YES;
				CLANG_ANALYZER_NONNULL = YES;
				CLANG_ANALYZER_NUMBER_OBJECT_CONVERSION = YES_AGGRESSIVE;
				CLANG_CXX_LANGUAGE_STANDARD = "gnu++20";
				CLANG_ENABLE_MODULES = YES;
				CLANG_ENABLE_OBJC_ARC = YES;
				CLANG_ENABLE_OBJC_WEAK = YES;
				CLANG_WARN_BLOCK_CAPTURE_AUTORELEASING = YES;
				CLANG_WARN_BOOL_CONVERSION = YES;
				CLANG_WARN_COMMA = YES;
				CLANG_WARN_CONSTANT_CONVERSION = YES;
				CLANG_WARN_DEPRECATED_OBJC_IMPLEMENTATIONS = YES;
				CLANG_WARN_DIRECT_OBJC_ISA_USAGE = YES_ERROR;
				CLANG_WARN_DOCUMENTATION_COMMENTS = YES;
				CLANG_WARN_EMPTY_BODY = YES;
				CLANG_WARN_ENUM_CONVERSION = YES;
				CLANG_WARN_INFINITE_RECURSION = YES;
				CLANG_WARN_INT_CONVERSION = YES;
				CLANG_WARN_NON_LITERAL_NULL_CONVERSION = YES;
				CLANG_WARN_OBJC_IMPLICIT_RETAIN_SELF = YES;
				CLANG_WARN_OBJC_LITERAL_CONVERSION = YES;
				CLANG_WARN_OBJC_ROOT_CLASS = YES_ERROR;
				CLANG_WARN_QUOTED_INCLUDE_IN_FRAMEWORK_HEADER = YES;
				CLANG_WARN_RANGE_LOOP_ANALYSIS = YES;
				CLANG_WARN_STRICT_PROTOTYPES = YES;
				CLANG_WARN_SUSPICIOUS_MOVE = YES;
				CLANG_WARN_UNGUARDED_AVAILABILITY = YES_AGGRESSIVE;
				CLANG_WARN_UNREACHABLE_CODE = YES;
				CLANG_WARN__DUPLICATE_METHOD_MATCH = YES;
				COPY_PHASE_STRIP = NO;
				DEBUG_INFORMATION_FORMAT = "dwarf-with-dsym";
				ENABLE_NS_ASSERTIONS = NO;
				ENABLE_STRICT_OBJC_MSGSEND = YES;
				ENABLE_USER_SCRIPT_SANDBOXING = YES;
				GCC_C_LANGUAGE_STANDARD = gnu17;
				GCC_NO_COMMON_BLOCKS = YES;
				GCC_WARN_64_TO_32_BIT_CONVERSION = YES;
				GCC_WARN_ABOUT_RETURN_TYPE = YES_ERROR;
				GCC_WARN_UNDECLARED_SELECTOR = YES;
				GCC_WARN_UNINITIALIZED_AUTOS = YES_AGGRESSIVE;
				GCC_WARN_UNUSED_FUNCTION = YES;
				GCC_WARN_UNUSED_VARIABLE = YES;
				IPHONEOS_DEPLOYMENT_TARGET = 18.5;
				LOCALIZATION_PREFERS_STRING_CATALOGS = YES;
				MTL_ENABLE_DEBUG_INFO = NO;
				MTL_FAST_MATH = YES;
				SDKROOT = iphoneos;
				SWIFT_COMPILATION_MODE = wholemodule;
				VALIDATE_PRODUCT = YES;
			};
			name = Release;
		};
		9876B0E32E63B86100DA9703 /* Debug */ = {
			isa = XCBuildConfiguration;
			buildSettings = {
				ASSETCATALOG_COMPILER_APPICON_NAME = AppIcon;
				ASSETCATALOG_COMPILER_GLOBAL_ACCENT_COLOR_NAME = AccentColor;
				CODE_SIGN_ENTITLEMENTS = Harmonia.entitlements;
				CODE_SIGN_STYLE = Automatic;
				CURRENT_PROJECT_VERSION = 1;
				DEVELOPMENT_TEAM = ANZC39U84D;
				ENABLE_PREVIEWS = YES;
				GENERATE_INFOPLIST_FILE = YES;
				INFOPLIST_KEY_UIApplicationSceneManifest_Generation = YES;
				INFOPLIST_KEY_UIApplicationSupportsIndirectInputEvents = YES;
				INFOPLIST_KEY_UILaunchScreen_Generation = YES;
				INFOPLIST_KEY_UISupportedInterfaceOrientations_iPad = "UIInterfaceOrientationPortrait UIInterfaceOrientationPortraitUpsideDown UIInterfaceOrientationLandscapeLeft UIInterfaceOrientationLandscapeRight";
				INFOPLIST_KEY_UISupportedInterfaceOrientations_iPhone = "UIInterfaceOrientationPortrait UIInterfaceOrientationLandscapeLeft UIInterfaceOrientationLandscapeRight";
				LD_RUNPATH_SEARCH_PATHS = (
					"$(inherited)",
					"@executable_path/Frameworks",
				);
				MARKETING_VERSION = 1.0;
				PRODUCT_BUNDLE_IDENTIFIER = br.com.fiap.Harmonia;
				PRODUCT_NAME = "$(TARGET_NAME)";
				SUPPORTED_PLATFORMS = "iphoneos iphonesimulator";
				SUPPORTS_MACCATALYST = NO;
				SUPPORTS_MAC_DESIGNED_FOR_IPHONE_IPAD = NO;
				SUPPORTS_XR_DESIGNED_FOR_IPHONE_IPAD = NO;
				SWIFT_EMIT_LOC_STRINGS = YES;
				SWIFT_VERSION = 5.0;
				TARGETED_DEVICE_FAMILY = 1;
			};
			name = Debug;
		};
		9876B0E42E63B86100DA9703 /* Release */ = {
			isa = XCBuildConfiguration;
			buildSettings = {
				ASSETCATALOG_COMPILER_APPICON_NAME = AppIcon;
				ASSETCATALOG_COMPILER_GLOBAL_ACCENT_COLOR_NAME = AccentColor;
				CODE_SIGN_ENTITLEMENTS = Harmonia.entitlements;
				CODE_SIGN_STYLE = Automatic;
				CURRENT_PROJECT_VERSION = 1;
				DEVELOPMENT_TEAM = ANZC39U84D;
				ENABLE_PREVIEWS = YES;
				GENERATE_INFOPLIST_FILE = YES;
				INFOPLIST_KEY_UIApplicationSceneManifest_Generation = YES;
				INFOPLIST_KEY_UIApplicationSupportsIndirectInputEvents = YES;
				INFOPLIST_KEY_UILaunchScreen_Generation = YES;
				INFOPLIST_KEY_UISupportedInterfaceOrientations_iPad = "UIInterfaceOrientationPortrait UIInterfaceOrientationPortraitUpsideDown UIInterfaceOrientationLandscapeLeft UIInterfaceOrientationLandscapeRight";
				INFOPLIST_KEY_UISupportedInterfaceOrientations_iPhone = "UIInterfaceOrientationPortrait UIInterfaceOrientationLandscapeLeft UIInterfaceOrientationLandscapeRight";
				LD_RUNPATH_SEARCH_PATHS = (
					"$(inherited)",
					"@executable_path/Frameworks",
				);
				MARKETING_VERSION = 1.0;
				PRODUCT_BUNDLE_IDENTIFIER = br.com.fiap.Harmonia;
				PRODUCT_NAME = "$(TARGET_NAME)";
				SUPPORTED_PLATFORMS = "iphoneos iphonesimulator";
				SUPPORTS_MACCATALYST = NO;
				SUPPORTS_MAC_DESIGNED_FOR_IPHONE_IPAD = NO;
				SUPPORTS_XR_DESIGNED_FOR_IPHONE_IPAD = NO;
				SWIFT_EMIT_LOC_STRINGS = YES;
				SWIFT_VERSION = 5.0;
				TARGETED_DEVICE_FAMILY = 1;
			};
			name = Release;
		};
/* End XCBuildConfiguration section */

/* Begin XCConfigurationList section */
		9876B0D22E63B86000DA9703 /* Build configuration list for PBXProject "Harmonia" */ = {
			isa = XCConfigurationList;
			buildConfigurations = (
				9876B0E02E63B86100DA9703 /* Debug */,
				9876B0E12E63B86100DA9703 /* Release */,
			);
			defaultConfigurationIsVisible = 0;
			defaultConfigurationName = Release;
		};
		9876B0E22E63B86100DA9703 /* Build configuration list for PBXNativeTarget "Harmonia" */ = {
			isa = XCConfigurationList;
			buildConfigurations = (
				9876B0E32E63B86100DA9703 /* Debug */,
				9876B0E42E63B86100DA9703 /* Release */,
			);
			defaultConfigurationIsVisible = 0;
			defaultConfigurationName = Release;
		};
/* End XCConfigurationList section */
	};
	rootObject = 9876B0CF2E63B86000DA9703 /* Project object */;
}
